// !$*UTF8*$!
{
	archiveVersion = 1;
	classes = {
	};
	objectVersion = 46;
	objects = {

/* Begin PBXBuildFile section */
		FF3E7BE617F899B3004AB9D5 /* RKFollowUsViewController.strings in Resources */ = {isa = PBXBuildFile; fileRef = FF3E7BE817F899B3004AB9D5 /* RKFollowUsViewController.strings */; };
		FF3E7BEB17F89A1A004AB9D5 /* README.md in Resources */ = {isa = PBXBuildFile; fileRef = FF3E7BEA17F89A1A004AB9D5 /* README.md */; };
		FF3E7BED17F89A1F004AB9D5 /* LICENSE in Resources */ = {isa = PBXBuildFile; fileRef = FF3E7BEC17F89A1F004AB9D5 /* LICENSE */; };
		FF62912817F59F970018AD68 /* Foundation.framework in Frameworks */ = {isa = PBXBuildFile; fileRef = FF62912717F59F970018AD68 /* Foundation.framework */; };
		FF62912A17F59F970018AD68 /* CoreGraphics.framework in Frameworks */ = {isa = PBXBuildFile; fileRef = FF62912917F59F970018AD68 /* CoreGraphics.framework */; };
		FF62912C17F59F970018AD68 /* UIKit.framework in Frameworks */ = {isa = PBXBuildFile; fileRef = FF62912B17F59F970018AD68 /* UIKit.framework */; };
		FF62914117F59F970018AD68 /* XCTest.framework in Frameworks */ = {isa = PBXBuildFile; fileRef = FF62914017F59F970018AD68 /* XCTest.framework */; };
		FF62914217F59F970018AD68 /* Foundation.framework in Frameworks */ = {isa = PBXBuildFile; fileRef = FF62912717F59F970018AD68 /* Foundation.framework */; };
		FF62914317F59F970018AD68 /* UIKit.framework in Frameworks */ = {isa = PBXBuildFile; fileRef = FF62912B17F59F970018AD68 /* UIKit.framework */; };
		FF62914B17F59F970018AD68 /* InfoPlist.strings in Resources */ = {isa = PBXBuildFile; fileRef = FF62914917F59F970018AD68 /* InfoPlist.strings */; };
		FF62914D17F59F970018AD68 /* RobokitTests.m in Sources */ = {isa = PBXBuildFile; fileRef = FF62914C17F59F970018AD68 /* RobokitTests.m */; };
		FFE1DCC617F5A94B0074F75F /* RKAppDelegate.m in Sources */ = {isa = PBXBuildFile; fileRef = FFE1DCC517F5A94B0074F75F /* RKAppDelegate.m */; };
		FFE1DCCA17F5A9540074F75F /* main.m in Sources */ = {isa = PBXBuildFile; fileRef = FFE1DCC717F5A9540074F75F /* main.m */; };
		FFE1DCFD17F5A97B0074F75F /* RKAboutRobocatViewController.storyboard in Resources */ = {isa = PBXBuildFile; fileRef = FFE1DCE517F5A97B0074F75F /* RKAboutRobocatViewController.storyboard */; };
		FFE1DCFE17F5A97B0074F75F /* RKAboutRobocatViewController.xcassets in Resources */ = {isa = PBXBuildFile; fileRef = FFE1DCE617F5A97B0074F75F /* RKAboutRobocatViewController.xcassets */; };
		FFE1DCFF17F5A97B0074F75F /* RKFollowUsViewController.storyboard in Resources */ = {isa = PBXBuildFile; fileRef = FFE1DCE717F5A97B0074F75F /* RKFollowUsViewController.storyboard */; };
		FFE1DD0017F5A97B0074F75F /* RKFollowUsViewController.xcassets in Resources */ = {isa = PBXBuildFile; fileRef = FFE1DCE817F5A97B0074F75F /* RKFollowUsViewController.xcassets */; };
		FFE1DD0117F5A97B0074F75F /* RKRatingViewController.storyboard in Resources */ = {isa = PBXBuildFile; fileRef = FFE1DCE917F5A97B0074F75F /* RKRatingViewController.storyboard */; };
		FFE1DD0217F5A97B0074F75F /* RKRatingViewController.xcassets in Resources */ = {isa = PBXBuildFile; fileRef = FFE1DCEA17F5A97B0074F75F /* RKRatingViewController.xcassets */; };
		FFE1DD0317F5A97B0074F75F /* RKAboutRobocatViewController.m in Sources */ = {isa = PBXBuildFile; fileRef = FFE1DCED17F5A97B0074F75F /* RKAboutRobocatViewController.m */; };
		FFE1DD0417F5A97B0074F75F /* RKDispatch.m in Sources */ = {isa = PBXBuildFile; fileRef = FFE1DCEF17F5A97B0074F75F /* RKDispatch.m */; };
		FFE1DD0517F5A97B0074F75F /* RKFollowUsViewController.m in Sources */ = {isa = PBXBuildFile; fileRef = FFE1DCF117F5A97B0074F75F /* RKFollowUsViewController.m */; };
		FFE1DD0617F5A97B0074F75F /* RKLocalization.m in Sources */ = {isa = PBXBuildFile; fileRef = FFE1DCF317F5A97B0074F75F /* RKLocalization.m */; };
		FFE1DD0717F5A97B0074F75F /* RKRatingViewController.m in Sources */ = {isa = PBXBuildFile; fileRef = FFE1DCF517F5A97B0074F75F /* RKRatingViewController.m */; };
		FFE1DD0817F5A97B0074F75F /* RKRobocatNewsletterViewController.m in Sources */ = {isa = PBXBuildFile; fileRef = FFE1DCF717F5A97B0074F75F /* RKRobocatNewsletterViewController.m */; };
		FFE1DD0917F5A97B0074F75F /* RKSocial.m in Sources */ = {isa = PBXBuildFile; fileRef = FFE1DCF917F5A97B0074F75F /* RKSocial.m */; };
		FFE1DD0F17F5A9ED0074F75F /* Robokit.podspec in Resources */ = {isa = PBXBuildFile; fileRef = FFE1DD0E17F5A9ED0074F75F /* Robokit.podspec */; };
		FFE1DD1617F5AC180074F75F /* Images.xcassets in Resources */ = {isa = PBXBuildFile; fileRef = FFE1DD1517F5AC180074F75F /* Images.xcassets */; };
		FFE1DD2F17F5AD130074F75F /* RKRatingViewController.strings in Resources */ = {isa = PBXBuildFile; fileRef = FFE1DD1817F5AD130074F75F /* RKRatingViewController.strings */; };
		FFE1DD3017F5AD130074F75F /* RKAboutRobocatViewController.strings in Resources */ = {isa = PBXBuildFile; fileRef = FFE1DD1A17F5AD130074F75F /* RKAboutRobocatViewController.strings */; };
/* End PBXBuildFile section */

/* Begin PBXContainerItemProxy section */
		FF62914417F59F970018AD68 /* PBXContainerItemProxy */ = {
			isa = PBXContainerItemProxy;
			containerPortal = FF62911C17F59F970018AD68 /* Project object */;
			proxyType = 1;
			remoteGlobalIDString = FF62912317F59F970018AD68;
			remoteInfo = Robokit;
		};
/* End PBXContainerItemProxy section */

/* Begin PBXFileReference section */
		FF3E7BD717F5CF5A004AB9D5 /* de */ = {isa = PBXFileReference; lastKnownFileType = text.plist.strings; name = de; path = de.lproj/RKRatingViewController.strings; sourceTree = "<group>"; };
		FF3E7BD817F5D3C6004AB9D5 /* da */ = {isa = PBXFileReference; lastKnownFileType = text.plist.strings; name = da; path = da.lproj/RKRatingViewController.strings; sourceTree = "<group>"; };
		FF3E7BE717F899B3004AB9D5 /* en */ = {isa = PBXFileReference; lastKnownFileType = file; name = en; path = en.lproj/RKFollowUsViewController.strings; sourceTree = "<group>"; };
		FF3E7BE917F899B5004AB9D5 /* da */ = {isa = PBXFileReference; lastKnownFileType = file; name = da; path = da.lproj/RKFollowUsViewController.strings; sourceTree = "<group>"; };
		FF3E7BEA17F89A1A004AB9D5 /* README.md */ = {isa = PBXFileReference; fileEncoding = 4; lastKnownFileType = text; path = README.md; sourceTree = SOURCE_ROOT; };
		FF3E7BEC17F89A1F004AB9D5 /* LICENSE */ = {isa = PBXFileReference; fileEncoding = 4; lastKnownFileType = text; path = LICENSE; sourceTree = SOURCE_ROOT; };
		FF3E7BEF17F8A1EA004AB9D5 /* RKMacros.h */ = {isa = PBXFileReference; lastKnownFileType = sourcecode.c.h; name = RKMacros.h; path = Source/RKMacros.h; sourceTree = "<group>"; };
		FF62912417F59F970018AD68 /* Robokit.app */ = {isa = PBXFileReference; explicitFileType = wrapper.application; includeInIndex = 0; path = Robokit.app; sourceTree = BUILT_PRODUCTS_DIR; };
		FF62912717F59F970018AD68 /* Foundation.framework */ = {isa = PBXFileReference; lastKnownFileType = wrapper.framework; name = Foundation.framework; path = System/Library/Frameworks/Foundation.framework; sourceTree = SDKROOT; };
		FF62912917F59F970018AD68 /* CoreGraphics.framework */ = {isa = PBXFileReference; lastKnownFileType = wrapper.framework; name = CoreGraphics.framework; path = System/Library/Frameworks/CoreGraphics.framework; sourceTree = SDKROOT; };
		FF62912B17F59F970018AD68 /* UIKit.framework */ = {isa = PBXFileReference; lastKnownFileType = wrapper.framework; name = UIKit.framework; path = System/Library/Frameworks/UIKit.framework; sourceTree = SDKROOT; };
		FF62913F17F59F970018AD68 /* RobokitTests.xctest */ = {isa = PBXFileReference; explicitFileType = wrapper.cfbundle; includeInIndex = 0; path = RobokitTests.xctest; sourceTree = BUILT_PRODUCTS_DIR; };
		FF62914017F59F970018AD68 /* XCTest.framework */ = {isa = PBXFileReference; lastKnownFileType = wrapper.framework; name = XCTest.framework; path = Library/Frameworks/XCTest.framework; sourceTree = DEVELOPER_DIR; };
		FF62914817F59F970018AD68 /* RobokitTests-Info.plist */ = {isa = PBXFileReference; lastKnownFileType = text.plist.xml; path = "RobokitTests-Info.plist"; sourceTree = "<group>"; };
		FF62914A17F59F970018AD68 /* en */ = {isa = PBXFileReference; lastKnownFileType = text.plist.strings; name = en; path = en.lproj/InfoPlist.strings; sourceTree = "<group>"; };
		FF62914C17F59F970018AD68 /* RobokitTests.m */ = {isa = PBXFileReference; lastKnownFileType = sourcecode.c.objc; path = RobokitTests.m; sourceTree = "<group>"; };
		FFE1DCC417F5A94B0074F75F /* RKAppDelegate.h */ = {isa = PBXFileReference; fileEncoding = 4; lastKnownFileType = sourcecode.c.h; name = RKAppDelegate.h; path = RobokitApp/RKAppDelegate.h; sourceTree = SOURCE_ROOT; };
		FFE1DCC517F5A94B0074F75F /* RKAppDelegate.m */ = {isa = PBXFileReference; fileEncoding = 4; lastKnownFileType = sourcecode.c.objc; name = RKAppDelegate.m; path = RobokitApp/RKAppDelegate.m; sourceTree = SOURCE_ROOT; };
		FFE1DCC717F5A9540074F75F /* main.m */ = {isa = PBXFileReference; fileEncoding = 4; lastKnownFileType = sourcecode.c.objc; name = main.m; path = RobokitApp/main.m; sourceTree = SOURCE_ROOT; };
		FFE1DCC817F5A9540074F75F /* Robokit-Info.plist */ = {isa = PBXFileReference; fileEncoding = 4; lastKnownFileType = text.plist.xml; name = "Robokit-Info.plist"; path = "RobokitApp/Robokit-Info.plist"; sourceTree = SOURCE_ROOT; };
		FFE1DCC917F5A9540074F75F /* Robokit-Prefix.pch */ = {isa = PBXFileReference; fileEncoding = 4; lastKnownFileType = sourcecode.c.h; name = "Robokit-Prefix.pch"; path = "RobokitApp/Robokit-Prefix.pch"; sourceTree = SOURCE_ROOT; };
		FFE1DCE517F5A97B0074F75F /* RKAboutRobocatViewController.storyboard */ = {isa = PBXFileReference; fileEncoding = 4; lastKnownFileType = file.storyboard; name = RKAboutRobocatViewController.storyboard; path = Resources/RKAboutRobocatViewController.storyboard; sourceTree = "<group>"; };
		FFE1DCE617F5A97B0074F75F /* RKAboutRobocatViewController.xcassets */ = {isa = PBXFileReference; lastKnownFileType = folder.assetcatalog; name = RKAboutRobocatViewController.xcassets; path = Resources/RKAboutRobocatViewController.xcassets; sourceTree = "<group>"; };
		FFE1DCE717F5A97B0074F75F /* RKFollowUsViewController.storyboard */ = {isa = PBXFileReference; fileEncoding = 4; lastKnownFileType = file.storyboard; name = RKFollowUsViewController.storyboard; path = Resources/RKFollowUsViewController.storyboard; sourceTree = "<group>"; };
		FFE1DCE817F5A97B0074F75F /* RKFollowUsViewController.xcassets */ = {isa = PBXFileReference; lastKnownFileType = folder.assetcatalog; name = RKFollowUsViewController.xcassets; path = Resources/RKFollowUsViewController.xcassets; sourceTree = "<group>"; };
		FFE1DCE917F5A97B0074F75F /* RKRatingViewController.storyboard */ = {isa = PBXFileReference; fileEncoding = 4; lastKnownFileType = file.storyboard; name = RKRatingViewController.storyboard; path = Resources/RKRatingViewController.storyboard; sourceTree = "<group>"; };
		FFE1DCEA17F5A97B0074F75F /* RKRatingViewController.xcassets */ = {isa = PBXFileReference; lastKnownFileType = folder.assetcatalog; name = RKRatingViewController.xcassets; path = Resources/RKRatingViewController.xcassets; sourceTree = "<group>"; };
		FFE1DCEC17F5A97B0074F75F /* RKAboutRobocatViewController.h */ = {isa = PBXFileReference; fileEncoding = 4; lastKnownFileType = sourcecode.c.h; name = RKAboutRobocatViewController.h; path = Source/RKAboutRobocatViewController.h; sourceTree = "<group>"; };
		FFE1DCED17F5A97B0074F75F /* RKAboutRobocatViewController.m */ = {isa = PBXFileReference; fileEncoding = 4; lastKnownFileType = sourcecode.c.objc; name = RKAboutRobocatViewController.m; path = Source/RKAboutRobocatViewController.m; sourceTree = "<group>"; };
		FFE1DCEE17F5A97B0074F75F /* RKDispatch.h */ = {isa = PBXFileReference; fileEncoding = 4; lastKnownFileType = sourcecode.c.h; name = RKDispatch.h; path = Source/RKDispatch.h; sourceTree = "<group>"; };
		FFE1DCEF17F5A97B0074F75F /* RKDispatch.m */ = {isa = PBXFileReference; fileEncoding = 4; lastKnownFileType = sourcecode.c.objc; name = RKDispatch.m; path = Source/RKDispatch.m; sourceTree = "<group>"; };
		FFE1DCF017F5A97B0074F75F /* RKFollowUsViewController.h */ = {isa = PBXFileReference; fileEncoding = 4; lastKnownFileType = sourcecode.c.h; name = RKFollowUsViewController.h; path = Source/RKFollowUsViewController.h; sourceTree = "<group>"; };
		FFE1DCF117F5A97B0074F75F /* RKFollowUsViewController.m */ = {isa = PBXFileReference; fileEncoding = 4; lastKnownFileType = sourcecode.c.objc; name = RKFollowUsViewController.m; path = Source/RKFollowUsViewController.m; sourceTree = "<group>"; };
		FFE1DCF217F5A97B0074F75F /* RKLocalization.h */ = {isa = PBXFileReference; fileEncoding = 4; lastKnownFileType = sourcecode.c.h; name = RKLocalization.h; path = Source/RKLocalization.h; sourceTree = "<group>"; };
		FFE1DCF317F5A97B0074F75F /* RKLocalization.m */ = {isa = PBXFileReference; fileEncoding = 4; lastKnownFileType = sourcecode.c.objc; name = RKLocalization.m; path = Source/RKLocalization.m; sourceTree = "<group>"; };
		FFE1DCF417F5A97B0074F75F /* RKRatingViewController.h */ = {isa = PBXFileReference; fileEncoding = 4; lastKnownFileType = sourcecode.c.h; name = RKRatingViewController.h; path = Source/RKRatingViewController.h; sourceTree = "<group>"; };
		FFE1DCF517F5A97B0074F75F /* RKRatingViewController.m */ = {isa = PBXFileReference; fileEncoding = 4; lastKnownFileType = sourcecode.c.objc; name = RKRatingViewController.m; path = Source/RKRatingViewController.m; sourceTree = "<group>"; };
		FFE1DCF617F5A97B0074F75F /* RKRobocatNewsletterViewController.h */ = {isa = PBXFileReference; fileEncoding = 4; lastKnownFileType = sourcecode.c.h; name = RKRobocatNewsletterViewController.h; path = Source/RKRobocatNewsletterViewController.h; sourceTree = "<group>"; };
		FFE1DCF717F5A97B0074F75F /* RKRobocatNewsletterViewController.m */ = {isa = PBXFileReference; fileEncoding = 4; lastKnownFileType = sourcecode.c.objc; name = RKRobocatNewsletterViewController.m; path = Source/RKRobocatNewsletterViewController.m; sourceTree = "<group>"; };
		FFE1DCF817F5A97B0074F75F /* RKSocial.h */ = {isa = PBXFileReference; fileEncoding = 4; lastKnownFileType = sourcecode.c.h; name = RKSocial.h; path = Source/RKSocial.h; sourceTree = "<group>"; };
		FFE1DCF917F5A97B0074F75F /* RKSocial.m */ = {isa = PBXFileReference; fileEncoding = 4; lastKnownFileType = sourcecode.c.objc; name = RKSocial.m; path = Source/RKSocial.m; sourceTree = "<group>"; };
		FFE1DCFA17F5A97B0074F75F /* Robokit.h */ = {isa = PBXFileReference; fileEncoding = 4; lastKnownFileType = sourcecode.c.h; name = Robokit.h; path = Source/Robokit.h; sourceTree = "<group>"; };
		FFE1DD0E17F5A9ED0074F75F /* Robokit.podspec */ = {isa = PBXFileReference; explicitFileType = text.script.ruby; fileEncoding = 4; path = Robokit.podspec; sourceTree = SOURCE_ROOT; };
		FFE1DD1517F5AC180074F75F /* Images.xcassets */ = {isa = PBXFileReference; lastKnownFileType = folder.assetcatalog; name = Images.xcassets; path = RobokitApp/Images.xcassets; sourceTree = SOURCE_ROOT; };
		FFE1DD1917F5AD130074F75F /* ar */ = {isa = PBXFileReference; lastKnownFileType = text.plist.strings; name = ar; path = ar.lproj/RKRatingViewController.strings; sourceTree = "<group>"; };
		FFE1DD1B17F5AD130074F75F /* da */ = {isa = PBXFileReference; lastKnownFileType = text.plist.strings; name = da; path = da.lproj/RKAboutRobocatViewController.strings; sourceTree = "<group>"; };
		FFE1DD1C17F5AD130074F75F /* el */ = {isa = PBXFileReference; lastKnownFileType = text.plist.strings; name = el; path = el.lproj/RKRatingViewController.strings; sourceTree = "<group>"; };
		FFE1DD1D17F5AD130074F75F /* en */ = {isa = PBXFileReference; lastKnownFileType = text.plist.strings; name = en; path = en.lproj/RKAboutRobocatViewController.strings; sourceTree = "<group>"; };
		FFE1DD1E17F5AD130074F75F /* en */ = {isa = PBXFileReference; lastKnownFileType = text.plist.strings; name = en; path = en.lproj/RKRatingViewController.strings; sourceTree = "<group>"; };
		FFE1DD1F17F5AD130074F75F /* es */ = {isa = PBXFileReference; lastKnownFileType = text.plist.strings; name = es; path = es.lproj/RKRatingViewController.strings; sourceTree = "<group>"; };
		FFE1DD2017F5AD130074F75F /* fr */ = {isa = PBXFileReference; lastKnownFileType = text.plist.strings; name = fr; path = fr.lproj/RKRatingViewController.strings; sourceTree = "<group>"; };
		FFE1DD2117F5AD130074F75F /* he */ = {isa = PBXFileReference; lastKnownFileType = text.plist.strings; name = he; path = he.lproj/RKRatingViewController.strings; sourceTree = "<group>"; };
		FFE1DD2217F5AD130074F75F /* hu */ = {isa = PBXFileReference; lastKnownFileType = text.plist.strings; name = hu; path = hu.lproj/RKRatingViewController.strings; sourceTree = "<group>"; };
		FFE1DD2317F5AD130074F75F /* it */ = {isa = PBXFileReference; lastKnownFileType = text.plist.strings; name = it; path = it.lproj/RKRatingViewController.strings; sourceTree = "<group>"; };
		FFE1DD2417F5AD130074F75F /* ja */ = {isa = PBXFileReference; lastKnownFileType = text.plist.strings; name = ja; path = ja.lproj/RKRatingViewController.strings; sourceTree = "<group>"; };
		FFE1DD2517F5AD130074F75F /* lt */ = {isa = PBXFileReference; lastKnownFileType = text.plist.strings; name = lt; path = lt.lproj/RKRatingViewController.strings; sourceTree = "<group>"; };
		FFE1DD2617F5AD130074F75F /* mk */ = {isa = PBXFileReference; lastKnownFileType = text.plist.strings; name = mk; path = mk.lproj/RKRatingViewController.strings; sourceTree = "<group>"; };
		FFE1DD2717F5AD130074F75F /* nb */ = {isa = PBXFileReference; lastKnownFileType = text.plist.strings; name = nb; path = nb.lproj/RKRatingViewController.strings; sourceTree = "<group>"; };
		FFE1DD2817F5AD130074F75F /* nl */ = {isa = PBXFileReference; lastKnownFileType = text.plist.strings; name = nl; path = nl.lproj/RKRatingViewController.strings; sourceTree = "<group>"; };
		FFE1DD2917F5AD130074F75F /* pl */ = {isa = PBXFileReference; lastKnownFileType = text.plist.strings; name = pl; path = pl.lproj/RKRatingViewController.strings; sourceTree = "<group>"; };
		FFE1DD2A17F5AD130074F75F /* ru */ = {isa = PBXFileReference; lastKnownFileType = text.plist.strings; name = ru; path = ru.lproj/RKRatingViewController.strings; sourceTree = "<group>"; };
		FFE1DD2B17F5AD130074F75F /* sk */ = {isa = PBXFileReference; lastKnownFileType = text.plist.strings; name = sk; path = sk.lproj/RKRatingViewController.strings; sourceTree = "<group>"; };
		FFE1DD2C17F5AD130074F75F /* sv */ = {isa = PBXFileReference; lastKnownFileType = text.plist.strings; name = sv; path = sv.lproj/RKRatingViewController.strings; sourceTree = "<group>"; };
		FFE1DD2D17F5AD130074F75F /* tr */ = {isa = PBXFileReference; lastKnownFileType = text.plist.strings; name = tr; path = tr.lproj/RKRatingViewController.strings; sourceTree = "<group>"; };
		FFE1DD2E17F5AD130074F75F /* zh-Hans */ = {isa = PBXFileReference; lastKnownFileType = text.plist.strings; name = "zh-Hans"; path = "zh-Hans.lproj/RKRatingViewController.strings"; sourceTree = "<group>"; };
/* End PBXFileReference section */

/* Begin PBXFrameworksBuildPhase section */
		FF62912117F59F970018AD68 /* Frameworks */ = {
			isa = PBXFrameworksBuildPhase;
			buildActionMask = 2147483647;
			files = (
				FF62912A17F59F970018AD68 /* CoreGraphics.framework in Frameworks */,
				FF62912C17F59F970018AD68 /* UIKit.framework in Frameworks */,
				FF62912817F59F970018AD68 /* Foundation.framework in Frameworks */,
			);
			runOnlyForDeploymentPostprocessing = 0;
		};
		FF62913C17F59F970018AD68 /* Frameworks */ = {
			isa = PBXFrameworksBuildPhase;
			buildActionMask = 2147483647;
			files = (
				FF62914117F59F970018AD68 /* XCTest.framework in Frameworks */,
				FF62914317F59F970018AD68 /* UIKit.framework in Frameworks */,
				FF62914217F59F970018AD68 /* Foundation.framework in Frameworks */,
			);
			runOnlyForDeploymentPostprocessing = 0;
		};
/* End PBXFrameworksBuildPhase section */

/* Begin PBXGroup section */
		FF62911B17F59F970018AD68 = {
			isa = PBXGroup;
			children = (
				FFE1DCCC17F5A97B0074F75F /* Robokit */,
				FF62912D17F59F970018AD68 /* Robokit Test App */,
				FF62912E17F59F970018AD68 /* Supporting Files */,
				FF62914617F59F970018AD68 /* RobokitTests */,
				FF62912617F59F970018AD68 /* Frameworks */,
				FF62912517F59F970018AD68 /* Products */,
			);
			sourceTree = "<group>";
		};
		FF62912517F59F970018AD68 /* Products */ = {
			isa = PBXGroup;
			children = (
				FF62912417F59F970018AD68 /* Robokit.app */,
				FF62913F17F59F970018AD68 /* RobokitTests.xctest */,
			);
			name = Products;
			sourceTree = "<group>";
		};
		FF62912617F59F970018AD68 /* Frameworks */ = {
			isa = PBXGroup;
			children = (
				FF62912717F59F970018AD68 /* Foundation.framework */,
				FF62912917F59F970018AD68 /* CoreGraphics.framework */,
				FF62912B17F59F970018AD68 /* UIKit.framework */,
				FF62914017F59F970018AD68 /* XCTest.framework */,
			);
			name = Frameworks;
			sourceTree = "<group>";
		};
		FF62912D17F59F970018AD68 /* Robokit Test App */ = {
			isa = PBXGroup;
			children = (
				FFE1DCC417F5A94B0074F75F /* RKAppDelegate.h */,
				FFE1DCC517F5A94B0074F75F /* RKAppDelegate.m */,
				FFE1DD1517F5AC180074F75F /* Images.xcassets */,
			);
			name = "Robokit Test App";
			path = Robokit;
			sourceTree = "<group>";
		};
		FF62912E17F59F970018AD68 /* Supporting Files */ = {
			isa = PBXGroup;
			children = (
				FFE1DCC717F5A9540074F75F /* main.m */,
				FFE1DCC817F5A9540074F75F /* Robokit-Info.plist */,
				FFE1DCC917F5A9540074F75F /* Robokit-Prefix.pch */,
			);
			name = "Supporting Files";
			path = Robokit;
			sourceTree = "<group>";
		};
		FF62914617F59F970018AD68 /* RobokitTests */ = {
			isa = PBXGroup;
			children = (
				FF62914C17F59F970018AD68 /* RobokitTests.m */,
				FF62914717F59F970018AD68 /* Supporting Files */,
			);
			path = RobokitTests;
			sourceTree = "<group>";
		};
		FF62914717F59F970018AD68 /* Supporting Files */ = {
			isa = PBXGroup;
			children = (
				FF62914817F59F970018AD68 /* RobokitTests-Info.plist */,
				FF62914917F59F970018AD68 /* InfoPlist.strings */,
			);
			name = "Supporting Files";
			sourceTree = "<group>";
		};
		FFE1DCCC17F5A97B0074F75F /* Robokit */ = {
			isa = PBXGroup;
			children = (
				FF3E7BEC17F89A1F004AB9D5 /* LICENSE */,
				FF3E7BEA17F89A1A004AB9D5 /* README.md */,
				FFE1DD0E17F5A9ED0074F75F /* Robokit.podspec */,
				FFE1DCFA17F5A97B0074F75F /* Robokit.h */,
				FFE1DD0A17F5A9810074F75F /* Shared */,
				FFE1DD0D17F5A98F0074F75F /* About Robocat View Controller */,
				FFE1DD0C17F5A98A0074F75F /* Follow Us View Controller */,
				FFE1DD0B17F5A9840074F75F /* Rating View Controller */,
			);
			path = Robokit;
			sourceTree = "<group>";
		};
		FFE1DD0A17F5A9810074F75F /* Shared */ = {
			isa = PBXGroup;
			children = (
				FFE1DCEE17F5A97B0074F75F /* RKDispatch.h */,
				FFE1DCEF17F5A97B0074F75F /* RKDispatch.m */,
				FFE1DCF217F5A97B0074F75F /* RKLocalization.h */,
				FFE1DCF317F5A97B0074F75F /* RKLocalization.m */,
				FFE1DCF817F5A97B0074F75F /* RKSocial.h */,
				FFE1DCF917F5A97B0074F75F /* RKSocial.m */,
				FF3E7BEF17F8A1EA004AB9D5 /* RKMacros.h */,
			);
			name = Shared;
			sourceTree = "<group>";
		};
		FFE1DD0B17F5A9840074F75F /* Rating View Controller */ = {
			isa = PBXGroup;
			children = (
				FFE1DCF417F5A97B0074F75F /* RKRatingViewController.h */,
				FFE1DCF517F5A97B0074F75F /* RKRatingViewController.m */,
				FFE1DCE917F5A97B0074F75F /* RKRatingViewController.storyboard */,
				FFE1DCEA17F5A97B0074F75F /* RKRatingViewController.xcassets */,
				FFE1DD1817F5AD130074F75F /* RKRatingViewController.strings */,
			);
			name = "Rating View Controller";
			sourceTree = "<group>";
		};
		FFE1DD0C17F5A98A0074F75F /* Follow Us View Controller */ = {
			isa = PBXGroup;
			children = (
				FFE1DCF017F5A97B0074F75F /* RKFollowUsViewController.h */,
				FFE1DCF117F5A97B0074F75F /* RKFollowUsViewController.m */,
				FFE1DCE717F5A97B0074F75F /* RKFollowUsViewController.storyboard */,
				FFE1DCE817F5A97B0074F75F /* RKFollowUsViewController.xcassets */,
				FF3E7BE817F899B3004AB9D5 /* RKFollowUsViewController.strings */,
			);
			name = "Follow Us View Controller";
			sourceTree = "<group>";
		};
		FFE1DD0D17F5A98F0074F75F /* About Robocat View Controller */ = {
			isa = PBXGroup;
			children = (
				FFE1DCEC17F5A97B0074F75F /* RKAboutRobocatViewController.h */,
				FFE1DCED17F5A97B0074F75F /* RKAboutRobocatViewController.m */,
				FFE1DCF617F5A97B0074F75F /* RKRobocatNewsletterViewController.h */,
				FFE1DCF717F5A97B0074F75F /* RKRobocatNewsletterViewController.m */,
				FFE1DCE517F5A97B0074F75F /* RKAboutRobocatViewController.storyboard */,
				FFE1DCE617F5A97B0074F75F /* RKAboutRobocatViewController.xcassets */,
				FFE1DD1A17F5AD130074F75F /* RKAboutRobocatViewController.strings */,
			);
			name = "About Robocat View Controller";
			sourceTree = "<group>";
		};
/* End PBXGroup section */

/* Begin PBXNativeTarget section */
		FF62912317F59F970018AD68 /* Robokit */ = {
			isa = PBXNativeTarget;
			buildConfigurationList = FF62915017F59F970018AD68 /* Build configuration list for PBXNativeTarget "Robokit" */;
			buildPhases = (
				FF62912017F59F970018AD68 /* Sources */,
				FF62912117F59F970018AD68 /* Frameworks */,
				FF62912217F59F970018AD68 /* Resources */,
			);
			buildRules = (
			);
			dependencies = (
			);
			name = Robokit;
			productName = Robokit;
			productReference = FF62912417F59F970018AD68 /* Robokit.app */;
			productType = "com.apple.product-type.application";
		};
		FF62913E17F59F970018AD68 /* RobokitTests */ = {
			isa = PBXNativeTarget;
			buildConfigurationList = FF62915317F59F970018AD68 /* Build configuration list for PBXNativeTarget "RobokitTests" */;
			buildPhases = (
				FF62913B17F59F970018AD68 /* Sources */,
				FF62913C17F59F970018AD68 /* Frameworks */,
				FF62913D17F59F970018AD68 /* Resources */,
			);
			buildRules = (
			);
			dependencies = (
				FF62914517F59F970018AD68 /* PBXTargetDependency */,
			);
			name = RobokitTests;
			productName = RobokitTests;
			productReference = FF62913F17F59F970018AD68 /* RobokitTests.xctest */;
			productType = "com.apple.product-type.bundle.unit-test";
		};
/* End PBXNativeTarget section */

/* Begin PBXProject section */
		FF62911C17F59F970018AD68 /* Project object */ = {
			isa = PBXProject;
			attributes = {
				CLASSPREFIX = RK;
				LastUpgradeCheck = 0500;
				ORGANIZATIONNAME = Robocat;
				TargetAttributes = {
					FF62913E17F59F970018AD68 = {
						TestTargetID = FF62912317F59F970018AD68;
					};
				};
			};
			buildConfigurationList = FF62911F17F59F970018AD68 /* Build configuration list for PBXProject "Robokit" */;
			compatibilityVersion = "Xcode 3.2";
			developmentRegion = English;
			hasScannedForEncodings = 0;
			knownRegions = (
				en,
				ar,
				da,
				el,
				es,
				fr,
				he,
				hu,
				it,
				ja,
				lt,
				mk,
				nb,
				nl,
				pl,
				ru,
				sk,
				sv,
				tr,
				"zh-Hans",
				de,
			);
			mainGroup = FF62911B17F59F970018AD68;
			productRefGroup = FF62912517F59F970018AD68 /* Products */;
			projectDirPath = "";
			projectRoot = "";
			targets = (
				FF62912317F59F970018AD68 /* Robokit */,
				FF62913E17F59F970018AD68 /* RobokitTests */,
			);
		};
/* End PBXProject section */

/* Begin PBXResourcesBuildPhase section */
		FF62912217F59F970018AD68 /* Resources */ = {
			isa = PBXResourcesBuildPhase;
			buildActionMask = 2147483647;
			files = (
				FFE1DD1617F5AC180074F75F /* Images.xcassets in Resources */,
				FFE1DCFE17F5A97B0074F75F /* RKAboutRobocatViewController.xcassets in Resources */,
				FF3E7BED17F89A1F004AB9D5 /* LICENSE in Resources */,
				FFE1DD0117F5A97B0074F75F /* RKRatingViewController.storyboard in Resources */,
				FFE1DD3017F5AD130074F75F /* RKAboutRobocatViewController.strings in Resources */,
				FFE1DCFF17F5A97B0074F75F /* RKFollowUsViewController.storyboard in Resources */,
				FFE1DD0F17F5A9ED0074F75F /* Robokit.podspec in Resources */,
				FF3E7BEB17F89A1A004AB9D5 /* README.md in Resources */,
				FFE1DD2F17F5AD130074F75F /* RKRatingViewController.strings in Resources */,
				FFE1DD0217F5A97B0074F75F /* RKRatingViewController.xcassets in Resources */,
				FF3E7BE617F899B3004AB9D5 /* RKFollowUsViewController.strings in Resources */,
				FFE1DD0017F5A97B0074F75F /* RKFollowUsViewController.xcassets in Resources */,
				FFE1DCFD17F5A97B0074F75F /* RKAboutRobocatViewController.storyboard in Resources */,
			);
			runOnlyForDeploymentPostprocessing = 0;
		};
		FF62913D17F59F970018AD68 /* Resources */ = {
			isa = PBXResourcesBuildPhase;
			buildActionMask = 2147483647;
			files = (
				FF62914B17F59F970018AD68 /* InfoPlist.strings in Resources */,
			);
			runOnlyForDeploymentPostprocessing = 0;
		};
/* End PBXResourcesBuildPhase section */

/* Begin PBXSourcesBuildPhase section */
		FF62912017F59F970018AD68 /* Sources */ = {
			isa = PBXSourcesBuildPhase;
			buildActionMask = 2147483647;
			files = (
				FFE1DD0917F5A97B0074F75F /* RKSocial.m in Sources */,
				FFE1DD0417F5A97B0074F75F /* RKDispatch.m in Sources */,
				FFE1DD0817F5A97B0074F75F /* RKRobocatNewsletterViewController.m in Sources */,
				FFE1DD0517F5A97B0074F75F /* RKFollowUsViewController.m in Sources */,
				FFE1DCCA17F5A9540074F75F /* main.m in Sources */,
				FFE1DD0617F5A97B0074F75F /* RKLocalization.m in Sources */,
				FFE1DD0317F5A97B0074F75F /* RKAboutRobocatViewController.m in Sources */,
				FFE1DCC617F5A94B0074F75F /* RKAppDelegate.m in Sources */,
				FFE1DD0717F5A97B0074F75F /* RKRatingViewController.m in Sources */,
			);
			runOnlyForDeploymentPostprocessing = 0;
		};
		FF62913B17F59F970018AD68 /* Sources */ = {
			isa = PBXSourcesBuildPhase;
			buildActionMask = 2147483647;
			files = (
				FF62914D17F59F970018AD68 /* RobokitTests.m in Sources */,
			);
			runOnlyForDeploymentPostprocessing = 0;
		};
/* End PBXSourcesBuildPhase section */

/* Begin PBXTargetDependency section */
		FF62914517F59F970018AD68 /* PBXTargetDependency */ = {
			isa = PBXTargetDependency;
			target = FF62912317F59F970018AD68 /* Robokit */;
			targetProxy = FF62914417F59F970018AD68 /* PBXContainerItemProxy */;
		};
/* End PBXTargetDependency section */

/* Begin PBXVariantGroup section */
		FF3E7BE817F899B3004AB9D5 /* RKFollowUsViewController.strings */ = {
			isa = PBXVariantGroup;
			children = (
				FF3E7BE717F899B3004AB9D5 /* en */,
				FF3E7BE917F899B5004AB9D5 /* da */,
			);
			name = RKFollowUsViewController.strings;
			path = Localizations;
			sourceTree = "<group>";
		};
		FF62914917F59F970018AD68 /* InfoPlist.strings */ = {
			isa = PBXVariantGroup;
			children = (
				FF62914A17F59F970018AD68 /* en */,
			);
			name = InfoPlist.strings;
			sourceTree = "<group>";
		};
		FFE1DD1817F5AD130074F75F /* RKRatingViewController.strings */ = {
			isa = PBXVariantGroup;
			children = (
				FFE1DD1917F5AD130074F75F /* ar */,
				FFE1DD1C17F5AD130074F75F /* el */,
				FFE1DD1E17F5AD130074F75F /* en */,
				FFE1DD1F17F5AD130074F75F /* es */,
				FFE1DD2017F5AD130074F75F /* fr */,
				FFE1DD2117F5AD130074F75F /* he */,
				FFE1DD2217F5AD130074F75F /* hu */,
				FFE1DD2317F5AD130074F75F /* it */,
				FFE1DD2417F5AD130074F75F /* ja */,
				FFE1DD2517F5AD130074F75F /* lt */,
				FFE1DD2617F5AD130074F75F /* mk */,
				FFE1DD2717F5AD130074F75F /* nb */,
				FFE1DD2817F5AD130074F75F /* nl */,
				FFE1DD2917F5AD130074F75F /* pl */,
				FFE1DD2A17F5AD130074F75F /* ru */,
				FFE1DD2B17F5AD130074F75F /* sk */,
				FFE1DD2C17F5AD130074F75F /* sv */,
				FFE1DD2D17F5AD130074F75F /* tr */,
				FFE1DD2E17F5AD130074F75F /* zh-Hans */,
				FF3E7BD717F5CF5A004AB9D5 /* de */,
				FF3E7BD817F5D3C6004AB9D5 /* da */,
			);
			name = RKRatingViewController.strings;
			path = Localizations;
			sourceTree = "<group>";
		};
		FFE1DD1A17F5AD130074F75F /* RKAboutRobocatViewController.strings */ = {
			isa = PBXVariantGroup;
			children = (
				FFE1DD1B17F5AD130074F75F /* da */,
				FFE1DD1D17F5AD130074F75F /* en */,
			);
			name = RKAboutRobocatViewController.strings;
			path = Localizations;
			sourceTree = "<group>";
		};
/* End PBXVariantGroup section */

/* Begin XCBuildConfiguration section */
		FF62914E17F59F970018AD68 /* Debug */ = {
			isa = XCBuildConfiguration;
			buildSettings = {
				ALWAYS_SEARCH_USER_PATHS = NO;
				ARCHS = "$(ARCHS_STANDARD_INCLUDING_64_BIT)";
				CLANG_CXX_LANGUAGE_STANDARD = "gnu++0x";
				CLANG_CXX_LIBRARY = "libc++";
				CLANG_ENABLE_MODULES = YES;
				CLANG_ENABLE_OBJC_ARC = YES;
				CLANG_WARN_BOOL_CONVERSION = YES;
				CLANG_WARN_CONSTANT_CONVERSION = YES;
				CLANG_WARN_DIRECT_OBJC_ISA_USAGE = YES_ERROR;
				CLANG_WARN_EMPTY_BODY = YES;
				CLANG_WARN_ENUM_CONVERSION = YES;
				CLANG_WARN_INT_CONVERSION = YES;
				CLANG_WARN_OBJC_ROOT_CLASS = YES_ERROR;
				CLANG_WARN__DUPLICATE_METHOD_MATCH = YES;
				"CODE_SIGN_IDENTITY[sdk=iphoneos*]" = "iPhone Developer";
				COPY_PHASE_STRIP = NO;
				GCC_C_LANGUAGE_STANDARD = gnu99;
				GCC_DYNAMIC_NO_PIC = NO;
				GCC_OPTIMIZATION_LEVEL = 0;
				GCC_PREPROCESSOR_DEFINITIONS = (
					"DEBUG=1",
					"$(inherited)",
				);
				GCC_SYMBOLS_PRIVATE_EXTERN = NO;
				GCC_WARN_64_TO_32_BIT_CONVERSION = YES;
				GCC_WARN_ABOUT_RETURN_TYPE = YES_ERROR;
				GCC_WARN_UNDECLARED_SELECTOR = YES;
				GCC_WARN_UNINITIALIZED_AUTOS = YES;
				GCC_WARN_UNUSED_FUNCTION = YES;
				GCC_WARN_UNUSED_VARIABLE = YES;
				IPHONEOS_DEPLOYMENT_TARGET = 7.0;
				ONLY_ACTIVE_ARCH = YES;
				SDKROOT = iphoneos;
			};
			name = Debug;
		};
		FF62914F17F59F970018AD68 /* Release */ = {
			isa = XCBuildConfiguration;
			buildSettings = {
				ALWAYS_SEARCH_USER_PATHS = NO;
				ARCHS = "$(ARCHS_STANDARD_INCLUDING_64_BIT)";
				CLANG_CXX_LANGUAGE_STANDARD = "gnu++0x";
				CLANG_CXX_LIBRARY = "libc++";
				CLANG_ENABLE_MODULES = YES;
				CLANG_ENABLE_OBJC_ARC = YES;
				CLANG_WARN_BOOL_CONVERSION = YES;
				CLANG_WARN_CONSTANT_CONVERSION = YES;
				CLANG_WARN_DIRECT_OBJC_ISA_USAGE = YES_ERROR;
				CLANG_WARN_EMPTY_BODY = YES;
				CLANG_WARN_ENUM_CONVERSION = YES;
				CLANG_WARN_INT_CONVERSION = YES;
				CLANG_WARN_OBJC_ROOT_CLASS = YES_ERROR;
				CLANG_WARN__DUPLICATE_METHOD_MATCH = YES;
				"CODE_SIGN_IDENTITY[sdk=iphoneos*]" = "iPhone Developer";
				COPY_PHASE_STRIP = YES;
				ENABLE_NS_ASSERTIONS = NO;
				GCC_C_LANGUAGE_STANDARD = gnu99;
				GCC_WARN_64_TO_32_BIT_CONVERSION = YES;
				GCC_WARN_ABOUT_RETURN_TYPE = YES_ERROR;
				GCC_WARN_UNDECLARED_SELECTOR = YES;
				GCC_WARN_UNINITIALIZED_AUTOS = YES;
				GCC_WARN_UNUSED_FUNCTION = YES;
				GCC_WARN_UNUSED_VARIABLE = YES;
				IPHONEOS_DEPLOYMENT_TARGET = 7.0;
				SDKROOT = iphoneos;
				VALIDATE_PRODUCT = YES;
			};
			name = Release;
		};
		FF62915117F59F970018AD68 /* Debug */ = {
			isa = XCBuildConfiguration;
			buildSettings = {
				ASSETCATALOG_COMPILER_APPICON_NAME = AppIcon;
				ASSETCATALOG_COMPILER_LAUNCHIMAGE_NAME = LaunchImage;
				GCC_PRECOMPILE_PREFIX_HEADER = YES;
				GCC_PREFIX_HEADER = "RobokitApp/Robokit-Prefix.pch";
				INFOPLIST_FILE = "RobokitApp/Robokit-Info.plist";
				PRODUCT_NAME = "$(TARGET_NAME)";
				WRAPPER_EXTENSION = app;
			};
			name = Debug;
		};
		FF62915217F59F970018AD68 /* Release */ = {
			isa = XCBuildConfiguration;
			buildSettings = {
				ASSETCATALOG_COMPILER_APPICON_NAME = AppIcon;
				ASSETCATALOG_COMPILER_LAUNCHIMAGE_NAME = LaunchImage;
				GCC_PRECOMPILE_PREFIX_HEADER = YES;
				GCC_PREFIX_HEADER = "RobokitApp/Robokit-Prefix.pch";
				INFOPLIST_FILE = "RobokitApp/Robokit-Info.plist";
				PRODUCT_NAME = "$(TARGET_NAME)";
				WRAPPER_EXTENSION = app;
			};
			name = Release;
		};
		FF62915417F59F970018AD68 /* Debug */ = {
			isa = XCBuildConfiguration;
			buildSettings = {
				ARCHS = "$(ARCHS_STANDARD_INCLUDING_64_BIT)";
				BUNDLE_LOADER = "$(BUILT_PRODUCTS_DIR)/Robokit.app/Robokit";
				FRAMEWORK_SEARCH_PATHS = (
					"$(SDKROOT)/Developer/Library/Frameworks",
					"$(inherited)",
					"$(DEVELOPER_FRAMEWORKS_DIR)",
				);
				GCC_PRECOMPILE_PREFIX_HEADER = YES;
				GCC_PREFIX_HEADER = "Robokit/Robokit-Prefix.pch";
				GCC_PREPROCESSOR_DEFINITIONS = (
					"DEBUG=1",
					"$(inherited)",
				);
				INFOPLIST_FILE = "RobokitTests/RobokitTests-Info.plist";
				PRODUCT_NAME = "$(TARGET_NAME)";
				TEST_HOST = "$(BUNDLE_LOADER)";
				WRAPPER_EXTENSION = xctest;
			};
			name = Debug;
		};
		FF62915517F59F970018AD68 /* Release */ = {
			isa = XCBuildConfiguration;
			buildSettings = {
				ARCHS = "$(ARCHS_STANDARD_INCLUDING_64_BIT)";
				BUNDLE_LOADER = "$(BUILT_PRODUCTS_DIR)/Robokit.app/Robokit";
				FRAMEWORK_SEARCH_PATHS = (
					"$(SDKROOT)/Developer/Library/Frameworks",
					"$(inherited)",
					"$(DEVELOPER_FRAMEWORKS_DIR)",
				);
				GCC_PRECOMPILE_PREFIX_HEADER = YES;
				GCC_PREFIX_HEADER = "Robokit/Robokit-Prefix.pch";
				INFOPLIST_FILE = "RobokitTests/RobokitTests-Info.plist";
				PRODUCT_NAME = "$(TARGET_NAME)";
				TEST_HOST = "$(BUNDLE_LOADER)";
				WRAPPER_EXTENSION = xctest;
			};
			name = Release;
		};
/* End XCBuildConfiguration section */

/* Begin XCConfigurationList section */
		FF62911F17F59F970018AD68 /* Build configuration list for PBXProject "Robokit" */ = {
			isa = XCConfigurationList;
			buildConfigurations = (
				FF62914E17F59F970018AD68 /* Debug */,
				FF62914F17F59F970018AD68 /* Release */,
			);
			defaultConfigurationIsVisible = 0;
			defaultConfigurationName = Release;
		};
		FF62915017F59F970018AD68 /* Build configuration list for PBXNativeTarget "Robokit" */ = {
			isa = XCConfigurationList;
			buildConfigurations = (
				FF62915117F59F970018AD68 /* Debug */,
				FF62915217F59F970018AD68 /* Release */,
			);
			defaultConfigurationIsVisible = 0;
			defaultConfigurationName = Release;
		};
		FF62915317F59F970018AD68 /* Build configuration list for PBXNativeTarget "RobokitTests" */ = {
			isa = XCConfigurationList;
			buildConfigurations = (
				FF62915417F59F970018AD68 /* Debug */,
				FF62915517F59F970018AD68 /* Release */,
			);
			defaultConfigurationIsVisible = 0;
			defaultConfigurationName = Release;
		};
/* End XCConfigurationList section */
	};
	rootObject = FF62911C17F59F970018AD68 /* Project object */;
}
